
Microsoft Visual Studio Solution File, Format Version 12.00
# Visual Studio Version 17
VisualStudioVersion = 17.3.32901.215
MinimumVisualStudioVersion = 10.0.40219.1
Project("{FAE04EC0-301F-11D3-BF4B-00C04F79EFBC}") = "webapp", "webapp\webapp.csproj", "{1B7B5091-040E-4CE1-AC13-C7961E198065}"
EndProject
Global
	GlobalSection(SolutionConfigurationPlatforms) = preSolution
		Debug|Any CPU = Debug|Any CPU
		Release|Any CPU = Release|Any CPU
	EndGlobalSection
	GlobalSection(ProjectConfigurationPlatforms) = postSolution
		{1B7B5091-040E-4CE1-AC13-C7961E198065}.Debug|Any CPU.ActiveCfg = Debug|Any CPU
		{1B7B5091-040E-4CE1-AC13-C7961E198065}.Debug|Any CPU.Build.0 = Debug|Any CPU
		{1B7B5091-040E-4CE1-AC13-C7961E198065}.Release|Any CPU.ActiveCfg = Release|Any CPU
		{1B7B5091-040E-4CE1-AC13-C7961E198065}.Release|Any CPU.Build.0 = Release|Any CPU
	EndGlobalSection
	GlobalSection(SolutionProperties) = preSolution
		HideSolutionNode = FALSE
	EndGlobalSection
	GlobalSection(ExtensibilityGlobals) = postSolution
		SolutionGuid = {5252869F-2B5B-4798-8964-AF90B90D3644}
	EndGlobalSection
EndGlobal
